speakeasyVersion: 1.398.1
sources:
    Panora-OAS:
        sourceNamespace: panora-oas
        sourceRevisionDigest: sha256:d5dfb1d434a39ab06616015b1d9fe2dc0c8f99e83e02753a9db1f48841866362
        sourceBlobDigest: sha256:11ed4be0d33ec3cc2c4c95a2b21ab2e1732bcb9e9760872be99cfaa3ca2b1279
        tags:
            - latest
            - main
targets:
    panora:
        source: Panora-OAS
        sourceNamespace: panora-oas
        sourceRevisionDigest: sha256:d5dfb1d434a39ab06616015b1d9fe2dc0c8f99e83e02753a9db1f48841866362
        sourceBlobDigest: sha256:11ed4be0d33ec3cc2c4c95a2b21ab2e1732bcb9e9760872be99cfaa3ca2b1279
        codeSamplesNamespace: code-samples-ruby
        codeSamplesRevisionDigest: sha256:46f48ed680a21c6fceaf25490e76b43d61fbd4fced4934dcc40f49953feb28c8
workflow:
    workflowVersion: 1.0.0
    speakeasyVersion: latest
    sources:
        Panora-OAS:
            inputs:
                - location: https://raw.githubusercontent.com/panoratech/Panora/main/packages/api/swagger/swagger-spec.yaml
            registry:
                location: registry.speakeasyapi.dev/panora/panora/panora-oas
    targets:
        panora:
            target: ruby
            source: Panora-OAS
            publish:
                rubygems:
                    token: $rubygems_auth_token
            codeSamples:
                output: codeSamples.yaml
                registry:
                    location: registry.speakeasyapi.dev/panora/panora/code-samples-ruby
