speakeasyVersion: 1.399.2
sources:
    Panora-OAS:
        sourceNamespace: panora-oas
        sourceRevisionDigest: sha256:c8dcdaec29808d016e227d873fbf070cbf67503a2fb92175023950439f267430
        sourceBlobDigest: sha256:76873ae939bd278ea3e181d2b69220bbb40eaed8a071e8305c7532b873665bab
        tags:
            - latest
            - main
targets:
    panora:
        source: Panora-OAS
        sourceNamespace: panora-oas
        sourceRevisionDigest: sha256:c8dcdaec29808d016e227d873fbf070cbf67503a2fb92175023950439f267430
        sourceBlobDigest: sha256:76873ae939bd278ea3e181d2b69220bbb40eaed8a071e8305c7532b873665bab
        codeSamplesNamespace: code-samples-ruby
        codeSamplesRevisionDigest: sha256:433fdb60b1e26431a574a2dde66606531e8d62d520bb61f14c356c1e8c218690
workflow:
    workflowVersion: 1.0.0
    speakeasyVersion: latest
    sources:
        Panora-OAS:
            inputs:
                - location: https://raw.githubusercontent.com/panoratech/Panora/main/packages/api/swagger/swagger-spec.yaml
            registry:
                location: registry.speakeasyapi.dev/panora/panora/panora-oas
    targets:
        panora:
            target: ruby
            source: Panora-OAS
            publish:
                rubygems:
                    token: $rubygems_auth_token
            codeSamples:
                output: codeSamples.yaml
                registry:
                    location: registry.speakeasyapi.dev/panora/panora/code-samples-ruby
