speakeasyVersion: 1.352.2
sources:
    Panora-OAS:
        sourceNamespace: panora-oas
        sourceRevisionDigest: sha256:b5bb8dc2bddc42a32ecdd59848e1f3b98761483a9c77b54f52a67072824917f5
        sourceBlobDigest: sha256:45c74403b7f9408f51a2426adbb411c9627bf379720239f7e088a92a1f3d1c27
        tags:
            - latest
            - main
targets:
    panora:
        source: Panora-OAS
        sourceNamespace: panora-oas
        sourceRevisionDigest: sha256:b5bb8dc2bddc42a32ecdd59848e1f3b98761483a9c77b54f52a67072824917f5
        sourceBlobDigest: sha256:45c74403b7f9408f51a2426adbb411c9627bf379720239f7e088a92a1f3d1c27
        codeSamplesNamespace: code-samples-ruby
        codeSamplesRevisionDigest: sha256:1e0e16878d0bbf2bd7408df0e01d47b1613fda42b047ef0ce203d5d7c9a74c70
        outLocation: /github/workspace/repo
workflow:
    workflowVersion: 1.0.0
    speakeasyVersion: latest
    sources:
        Panora-OAS:
            inputs:
                - location: https://raw.githubusercontent.com/panoratech/Panora/main/packages/api/swagger/swagger-spec.yaml
            registry:
                location: registry.speakeasyapi.dev/panora/panora/panora-oas
    targets:
        panora:
            target: ruby
            source: Panora-OAS
            codeSamples:
                output: codeSamples.yaml
                registry:
                    location: registry.speakeasyapi.dev/panora/panora/code-samples-ruby
